
Microsoft Visual Studio Solution File, Format Version 12.00
# Visual Studio Version 17
VisualStudioVersion = 17.9.34714.143
MinimumVisualStudioVersion = 10.0.40219.1
Project("{9A19103F-16F7-4668-BE54-9A1E7A4F7556}") = "Open.Blazor.Ui", "src\Open.Blazor.Ui\Open.Blazor.Ui.csproj", "{6768EE8F-5796-4B6F-9177-9EC3B36445FC}"
EndProject
Global
	GlobalSection(SolutionConfigurationPlatforms) = preSolution
		Debug|Any CPU = Debug|Any CPU
		Release|Any CPU = Release|Any CPU
	EndGlobalSection
	GlobalSection(ProjectConfigurationPlatforms) = postSolution
		{6768EE8F-5796-4B6F-9177-9EC3B36445FC}.Debug|Any CPU.ActiveCfg = Debug|Any CPU
		{6768EE8F-5796-4B6F-9177-9EC3B36445FC}.Debug|Any CPU.Build.0 = Debug|Any CPU
		{6768EE8F-5796-4B6F-9177-9EC3B36445FC}.Release|Any CPU.ActiveCfg = Release|Any CPU
		{6768EE8F-5796-4B6F-9177-9EC3B36445FC}.Release|Any CPU.Build.0 = Release|Any CPU
	EndGlobalSection
	GlobalSection(SolutionProperties) = preSolution
		HideSolutionNode = FALSE
	EndGlobalSection
	GlobalSection(ExtensibilityGlobals) = postSolution
		SolutionGuid = {F3AAAE25-6E8D-4B39-B378-A9960BDA9DA1}
	EndGlobalSection
EndGlobal
